// !$*UTF8*$!
{
	archiveVersion = 1;
	classes = {
	};
	objectVersion = 55;
	objects = {

/* Begin PBXBuildFile section */
		87F2732928167C3600BC7A0C /* AppDelegate.swift in Sources */ = {isa = PBXBuildFile; fileRef = 87F2732828167C3600BC7A0C /* AppDelegate.swift */; };
		87F2732B28167C3600BC7A0C /* SceneDelegate.swift in Sources */ = {isa = PBXBuildFile; fileRef = 87F2732A28167C3600BC7A0C /* SceneDelegate.swift */; };
		87F2732D28167C3600BC7A0C /* ViewController.swift in Sources */ = {isa = PBXBuildFile; fileRef = 87F2732C28167C3600BC7A0C /* ViewController.swift */; };
		87F2733028167C3600BC7A0C /* Main.storyboard in Resources */ = {isa = PBXBuildFile; fileRef = 87F2732E28167C3600BC7A0C /* Main.storyboard */; };
		87F2733228167C3700BC7A0C /* Assets.xcassets in Resources */ = {isa = PBXBuildFile; fileRef = 87F2733128167C3700BC7A0C /* Assets.xcassets */; };
		87F2733528167C3700BC7A0C /* LaunchScreen.storyboard in Resources */ = {isa = PBXBuildFile; fileRef = 87F2733328167C3700BC7A0C /* LaunchScreen.storyboard */; };
		87F2734028167C3700BC7A0C /* Project8Tests.swift in Sources */ = {isa = PBXBuildFile; fileRef = 87F2733F28167C3700BC7A0C /* Project8Tests.swift */; };
		87F2734A28167C3700BC7A0C /* Project8UITests.swift in Sources */ = {isa = PBXBuildFile; fileRef = 87F2734928167C3700BC7A0C /* Project8UITests.swift */; };
		87F2734C28167C3700BC7A0C /* Project8UITestsLaunchTests.swift in Sources */ = {isa = PBXBuildFile; fileRef = 87F2734B28167C3700BC7A0C /* Project8UITestsLaunchTests.swift */; };
		87F2736D28172E2F00BC7A0C /* level1.txt in Resources */ = {isa = PBXBuildFile; fileRef = 87F2736B28172E2F00BC7A0C /* level1.txt */; };
		87F2736E28172E2F00BC7A0C /* level2.txt in Resources */ = {isa = PBXBuildFile; fileRef = 87F2736C28172E2F00BC7A0C /* level2.txt */; };
/* End PBXBuildFile section */

/* Begin PBXContainerItemProxy section */
		87F2733C28167C3700BC7A0C /* PBXContainerItemProxy */ = {
			isa = PBXContainerItemProxy;
			containerPortal = 87F2731D28167C3600BC7A0C /* Project object */;
			proxyType = 1;
			remoteGlobalIDString = 87F2732428167C3600BC7A0C;
			remoteInfo = Project8;
		};
		87F2734628167C3700BC7A0C /* PBXContainerItemProxy */ = {
			isa = PBXContainerItemProxy;
			containerPortal = 87F2731D28167C3600BC7A0C /* Project object */;
			proxyType = 1;
			remoteGlobalIDString = 87F2732428167C3600BC7A0C;
			remoteInfo = Project8;
		};
/* End PBXContainerItemProxy section */

/* Begin PBXFileReference section */
		87F2732528167C3600BC7A0C /* Project8.app */ = {isa = PBXFileReference; explicitFileType = wrapper.application; includeInIndex = 0; path = Project8.app; sourceTree = BUILT_PRODUCTS_DIR; };
		87F2732828167C3600BC7A0C /* AppDelegate.swift */ = {isa = PBXFileReference; lastKnownFileType = sourcecode.swift; path = AppDelegate.swift; sourceTree = "<group>"; };
		87F2732A28167C3600BC7A0C /* SceneDelegate.swift */ = {isa = PBXFileReference; lastKnownFileType = sourcecode.swift; path = SceneDelegate.swift; sourceTree = "<group>"; };
		87F2732C28167C3600BC7A0C /* ViewController.swift */ = {isa = PBXFileReference; lastKnownFileType = sourcecode.swift; path = ViewController.swift; sourceTree = "<group>"; };
		87F2732F28167C3600BC7A0C /* Base */ = {isa = PBXFileReference; lastKnownFileType = file.storyboard; name = Base; path = Base.lproj/Main.storyboard; sourceTree = "<group>"; };
		87F2733128167C3700BC7A0C /* Assets.xcassets */ = {isa = PBXFileReference; lastKnownFileType = folder.assetcatalog; path = Assets.xcassets; sourceTree = "<group>"; };
		87F2733428167C3700BC7A0C /* Base */ = {isa = PBXFileReference; lastKnownFileType = file.storyboard; name = Base; path = Base.lproj/LaunchScreen.storyboard; sourceTree = "<group>"; };
		87F2733628167C3700BC7A0C /* Info.plist */ = {isa = PBXFileReference; lastKnownFileType = text.plist.xml; path = Info.plist; sourceTree = "<group>"; };
		87F2733B28167C3700BC7A0C /* Project8Tests.xctest */ = {isa = PBXFileReference; explicitFileType = wrapper.cfbundle; includeInIndex = 0; path = Project8Tests.xctest; sourceTree = BUILT_PRODUCTS_DIR; };
		87F2733F28167C3700BC7A0C /* Project8Tests.swift */ = {isa = PBXFileReference; lastKnownFileType = sourcecode.swift; path = Project8Tests.swift; sourceTree = "<group>"; };
		87F2734528167C3700BC7A0C /* Project8UITests.xctest */ = {isa = PBXFileReference; explicitFileType = wrapper.cfbundle; includeInIndex = 0; path = Project8UITests.xctest; sourceTree = BUILT_PRODUCTS_DIR; };
		87F2734928167C3700BC7A0C /* Project8UITests.swift */ = {isa = PBXFileReference; lastKnownFileType = sourcecode.swift; path = Project8UITests.swift; sourceTree = "<group>"; };
		87F2734B28167C3700BC7A0C /* Project8UITestsLaunchTests.swift */ = {isa = PBXFileReference; lastKnownFileType = sourcecode.swift; path = Project8UITestsLaunchTests.swift; sourceTree = "<group>"; };
		87F2736B28172E2F00BC7A0C /* level1.txt */ = {isa = PBXFileReference; fileEncoding = 4; lastKnownFileType = text; path = level1.txt; sourceTree = "<group>"; };
		87F2736C28172E2F00BC7A0C /* level2.txt */ = {isa = PBXFileReference; fileEncoding = 4; lastKnownFileType = text; path = level2.txt; sourceTree = "<group>"; };
/* End PBXFileReference section */

/* Begin PBXFrameworksBuildPhase section */
		87F2732228167C3600BC7A0C /* Frameworks */ = {
			isa = PBXFrameworksBuildPhase;
			buildActionMask = 2147483647;
			files = (
			);
			runOnlyForDeploymentPostprocessing = 0;
		};
		87F2733828167C3700BC7A0C /* Frameworks */ = {
			isa = PBXFrameworksBuildPhase;
			buildActionMask = 2147483647;
			files = (
			);
			runOnlyForDeploymentPostprocessing = 0;
		};
		87F2734228167C3700BC7A0C /* Frameworks */ = {
			isa = PBXFrameworksBuildPhase;
			buildActionMask = 2147483647;
			files = (
			);
			runOnlyForDeploymentPostprocessing = 0;
		};
/* End PBXFrameworksBuildPhase section */

/* Begin PBXGroup section */
		87F2731C28167C3600BC7A0C = {
			isa = PBXGroup;
			children = (
				87F2732728167C3600BC7A0C /* Project8 */,
				87F2733E28167C3700BC7A0C /* Project8Tests */,
				87F2734828167C3700BC7A0C /* Project8UITests */,
				87F2732628167C3600BC7A0C /* Products */,
			);
			sourceTree = "<group>";
		};
		87F2732628167C3600BC7A0C /* Products */ = {
			isa = PBXGroup;
			children = (
				87F2732528167C3600BC7A0C /* Project8.app */,
				87F2733B28167C3700BC7A0C /* Project8Tests.xctest */,
				87F2734528167C3700BC7A0C /* Project8UITests.xctest */,
			);
			name = Products;
			sourceTree = "<group>";
		};
		87F2732728167C3600BC7A0C /* Project8 */ = {
			isa = PBXGroup;
			children = (
				87F2736B28172E2F00BC7A0C /* level1.txt */,
				87F2736C28172E2F00BC7A0C /* level2.txt */,
				87F2732828167C3600BC7A0C /* AppDelegate.swift */,
				87F2732A28167C3600BC7A0C /* SceneDelegate.swift */,
				87F2732C28167C3600BC7A0C /* ViewController.swift */,
				87F2732E28167C3600BC7A0C /* Main.storyboard */,
				87F2733128167C3700BC7A0C /* Assets.xcassets */,
				87F2733328167C3700BC7A0C /* LaunchScreen.storyboard */,
				87F2733628167C3700BC7A0C /* Info.plist */,
			);
			path = Project8;
			sourceTree = "<group>";
		};
		87F2733E28167C3700BC7A0C /* Project8Tests */ = {
			isa = PBXGroup;
			children = (
				87F2733F28167C3700BC7A0C /* Project8Tests.swift */,
			);
			path = Project8Tests;
			sourceTree = "<group>";
		};
		87F2734828167C3700BC7A0C /* Project8UITests */ = {
			isa = PBXGroup;
			children = (
				87F2734928167C3700BC7A0C /* Project8UITests.swift */,
				87F2734B28167C3700BC7A0C /* Project8UITestsLaunchTests.swift */,
			);
			path = Project8UITests;
			sourceTree = "<group>";
		};
/* End PBXGroup section */

/* Begin PBXNativeTarget section */
		87F2732428167C3600BC7A0C /* Project8 */ = {
			isa = PBXNativeTarget;
			buildConfigurationList = 87F2734F28167C3700BC7A0C /* Build configuration list for PBXNativeTarget "Project8" */;
			buildPhases = (
				87F2732128167C3600BC7A0C /* Sources */,
				87F2732228167C3600BC7A0C /* Frameworks */,
				87F2732328167C3600BC7A0C /* Resources */,
			);
			buildRules = (
			);
			dependencies = (
			);
			name = Project8;
			productName = Project8;
			productReference = 87F2732528167C3600BC7A0C /* Project8.app */;
			productType = "com.apple.product-type.application";
		};
		87F2733A28167C3700BC7A0C /* Project8Tests */ = {
			isa = PBXNativeTarget;
			buildConfigurationList = 87F2735228167C3700BC7A0C /* Build configuration list for PBXNativeTarget "Project8Tests" */;
			buildPhases = (
				87F2733728167C3700BC7A0C /* Sources */,
				87F2733828167C3700BC7A0C /* Frameworks */,
				87F2733928167C3700BC7A0C /* Resources */,
			);
			buildRules = (
			);
			dependencies = (
				87F2733D28167C3700BC7A0C /* PBXTargetDependency */,
			);
			name = Project8Tests;
			productName = Project8Tests;
			productReference = 87F2733B28167C3700BC7A0C /* Project8Tests.xctest */;
			productType = "com.apple.product-type.bundle.unit-test";
		};
		87F2734428167C3700BC7A0C /* Project8UITests */ = {
			isa = PBXNativeTarget;
			buildConfigurationList = 87F2735528167C3700BC7A0C /* Build configuration list for PBXNativeTarget "Project8UITests" */;
			buildPhases = (
				87F2734128167C3700BC7A0C /* Sources */,
				87F2734228167C3700BC7A0C /* Frameworks */,
				87F2734328167C3700BC7A0C /* Resources */,
			);
			buildRules = (
			);
			dependencies = (
				87F2734728167C3700BC7A0C /* PBXTargetDependency */,
			);
			name = Project8UITests;
			productName = Project8UITests;
			productReference = 87F2734528167C3700BC7A0C /* Project8UITests.xctest */;
			productType = "com.apple.product-type.bundle.ui-testing";
		};
/* End PBXNativeTarget section */

/* Begin PBXProject section */
		87F2731D28167C3600BC7A0C /* Project object */ = {
			isa = PBXProject;
			attributes = {
				BuildIndependentTargetsInParallel = 1;
				LastSwiftUpdateCheck = 1320;
				LastUpgradeCheck = 1320;
				TargetAttributes = {
					87F2732428167C3600BC7A0C = {
						CreatedOnToolsVersion = 13.2.1;
					};
					87F2733A28167C3700BC7A0C = {
						CreatedOnToolsVersion = 13.2.1;
						TestTargetID = 87F2732428167C3600BC7A0C;
					};
					87F2734428167C3700BC7A0C = {
						CreatedOnToolsVersion = 13.2.1;
						TestTargetID = 87F2732428167C3600BC7A0C;
					};
				};
			};
			buildConfigurationList = 87F2732028167C3600BC7A0C /* Build configuration list for PBXProject "Project8" */;
			compatibilityVersion = "Xcode 13.0";
			developmentRegion = en;
			hasScannedForEncodings = 0;
			knownRegions = (
				en,
				Base,
			);
			mainGroup = 87F2731C28167C3600BC7A0C;
			productRefGroup = 87F2732628167C3600BC7A0C /* Products */;
			projectDirPath = "";
			projectRoot = "";
			targets = (
				87F2732428167C3600BC7A0C /* Project8 */,
				87F2733A28167C3700BC7A0C /* Project8Tests */,
				87F2734428167C3700BC7A0C /* Project8UITests */,
			);
		};
/* End PBXProject section */

/* Begin PBXResourcesBuildPhase section */
		87F2732328167C3600BC7A0C /* Resources */ = {
			isa = PBXResourcesBuildPhase;
			buildActionMask = 2147483647;
			files = (
				87F2736E28172E2F00BC7A0C /* level2.txt in Resources */,
				87F2733528167C3700BC7A0C /* LaunchScreen.storyboard in Resources */,
				87F2736D28172E2F00BC7A0C /* level1.txt in Resources */,
				87F2733228167C3700BC7A0C /* Assets.xcassets in Resources */,
				87F2733028167C3600BC7A0C /* Main.storyboard in Resources */,
			);
			runOnlyForDeploymentPostprocessing = 0;
		};
		87F2733928167C3700BC7A0C /* Resources */ = {
			isa = PBXResourcesBuildPhase;
			buildActionMask = 2147483647;
			files = (
			);
			runOnlyForDeploymentPostprocessing = 0;
		};
		87F2734328167C3700BC7A0C /* Resources */ = {
			isa = PBXResourcesBuildPhase;
			buildActionMask = 2147483647;
			files = (
			);
			runOnlyForDeploymentPostprocessing = 0;
		};
/* End PBXResourcesBuildPhase section */

/* Begin PBXSourcesBuildPhase section */
		87F2732128167C3600BC7A0C /* Sources */ = {
			isa = PBXSourcesBuildPhase;
			buildActionMask = 2147483647;
			files = (
				87F2732D28167C3600BC7A0C /* ViewController.swift in Sources */,
				87F2732928167C3600BC7A0C /* AppDelegate.swift in Sources */,
				87F2732B28167C3600BC7A0C /* SceneDelegate.swift in Sources */,
			);
			runOnlyForDeploymentPostprocessing = 0;
		};
		87F2733728167C3700BC7A0C /* Sources */ = {
			isa = PBXSourcesBuildPhase;
			buildActionMask = 2147483647;
			files = (
				87F2734028167C3700BC7A0C /* Project8Tests.swift in Sources */,
			);
			runOnlyForDeploymentPostprocessing = 0;
		};
		87F2734128167C3700BC7A0C /* Sources */ = {
			isa = PBXSourcesBuildPhase;
			buildActionMask = 2147483647;
			files = (
				87F2734C28167C3700BC7A0C /* Project8UITestsLaunchTests.swift in Sources */,
				87F2734A28167C3700BC7A0C /* Project8UITests.swift in Sources */,
			);
			runOnlyForDeploymentPostprocessing = 0;
		};
/* End PBXSourcesBuildPhase section */

/* Begin PBXTargetDependency section */
		87F2733D28167C3700BC7A0C /* PBXTargetDependency */ = {
			isa = PBXTargetDependency;
			target = 87F2732428167C3600BC7A0C /* Project8 */;
			targetProxy = 87F2733C28167C3700BC7A0C /* PBXContainerItemProxy */;
		};
		87F2734728167C3700BC7A0C /* PBXTargetDependency */ = {
			isa = PBXTargetDependency;
			target = 87F2732428167C3600BC7A0C /* Project8 */;
			targetProxy = 87F2734628167C3700BC7A0C /* PBXContainerItemProxy */;
		};
/* End PBXTargetDependency section */

/* Begin PBXVariantGroup section */
		87F2732E28167C3600BC7A0C /* Main.storyboard */ = {
			isa = PBXVariantGroup;
			children = (
				87F2732F28167C3600BC7A0C /* Base */,
			);
			name = Main.storyboard;
			sourceTree = "<group>";
		};
		87F2733328167C3700BC7A0C /* LaunchScreen.storyboard */ = {
			isa = PBXVariantGroup;
			children = (
				87F2733428167C3700BC7A0C /* Base */,
			);
			name = LaunchScreen.storyboard;
			sourceTree = "<group>";
		};
/* End PBXVariantGroup section */

/* Begin XCBuildConfiguration section */
		87F2734D28167C3700BC7A0C /* Debug */ = {
			isa = XCBuildConfiguration;
			buildSettings = {
				ALWAYS_SEARCH_USER_PATHS = NO;
				CLANG_ANALYZER_NONNULL = YES;
				CLANG_ANALYZER_NUMBER_OBJECT_CONVERSION = YES_AGGRESSIVE;
				CLANG_CXX_LANGUAGE_STANDARD = "gnu++17";
				CLANG_CXX_LIBRARY = "libc++";
				CLANG_ENABLE_MODULES = YES;
				CLANG_ENABLE_OBJC_ARC = YES;
				CLANG_ENABLE_OBJC_WEAK = YES;
				CLANG_WARN_BLOCK_CAPTURE_AUTORELEASING = YES;
				CLANG_WARN_BOOL_CONVERSION = YES;
				CLANG_WARN_COMMA = YES;
				CLANG_WARN_CONSTANT_CONVERSION = YES;
				CLANG_WARN_DEPRECATED_OBJC_IMPLEMENTATIONS = YES;
				CLANG_WARN_DIRECT_OBJC_ISA_USAGE = YES_ERROR;
				CLANG_WARN_DOCUMENTATION_COMMENTS = YES;
				CLANG_WARN_EMPTY_BODY = YES;
				CLANG_WARN_ENUM_CONVERSION = YES;
				CLANG_WARN_INFINITE_RECURSION = YES;
				CLANG_WARN_INT_CONVERSION = YES;
				CLANG_WARN_NON_LITERAL_NULL_CONVERSION = YES;
				CLANG_WARN_OBJC_IMPLICIT_RETAIN_SELF = YES;
				CLANG_WARN_OBJC_LITERAL_CONVERSION = YES;
				CLANG_WARN_OBJC_ROOT_CLASS = YES_ERROR;
				CLANG_WARN_QUOTED_INCLUDE_IN_FRAMEWORK_HEADER = YES;
				CLANG_WARN_RANGE_LOOP_ANALYSIS = YES;
				CLANG_WARN_STRICT_PROTOTYPES = YES;
				CLANG_WARN_SUSPICIOUS_MOVE = YES;
				CLANG_WARN_UNGUARDED_AVAILABILITY = YES_AGGRESSIVE;
				CLANG_WARN_UNREACHABLE_CODE = YES;
				CLANG_WARN__DUPLICATE_METHOD_MATCH = YES;
				COPY_PHASE_STRIP = NO;
				DEBUG_INFORMATION_FORMAT = dwarf;
				ENABLE_STRICT_OBJC_MSGSEND = YES;
				ENABLE_TESTABILITY = YES;
				GCC_C_LANGUAGE_STANDARD = gnu11;
				GCC_DYNAMIC_NO_PIC = NO;
				GCC_NO_COMMON_BLOCKS = YES;
				GCC_OPTIMIZATION_LEVEL = 0;
				GCC_PREPROCESSOR_DEFINITIONS = (
					"DEBUG=1",
					"$(inherited)",
				);
				GCC_WARN_64_TO_32_BIT_CONVERSION = YES;
				GCC_WARN_ABOUT_RETURN_TYPE = YES_ERROR;
				GCC_WARN_UNDECLARED_SELECTOR = YES;
				GCC_WARN_UNINITIALIZED_AUTOS = YES_AGGRESSIVE;
				GCC_WARN_UNUSED_FUNCTION = YES;
				GCC_WARN_UNUSED_VARIABLE = YES;
				IPHONEOS_DEPLOYMENT_TARGET = 15.2;
				MTL_ENABLE_DEBUG_INFO = INCLUDE_SOURCE;
				MTL_FAST_MATH = YES;
				ONLY_ACTIVE_ARCH = YES;
				SDKROOT = iphoneos;
				SWIFT_ACTIVE_COMPILATION_CONDITIONS = DEBUG;
				SWIFT_OPTIMIZATION_LEVEL = "-Onone";
			};
			name = Debug;
		};
		87F2734E28167C3700BC7A0C /* Release */ = {
			isa = XCBuildConfiguration;
			buildSettings = {
				ALWAYS_SEARCH_USER_PATHS = NO;
				CLANG_ANALYZER_NONNULL = YES;
				CLANG_ANALYZER_NUMBER_OBJECT_CONVERSION = YES_AGGRESSIVE;
				CLANG_CXX_LANGUAGE_STANDARD = "gnu++17";
				CLANG_CXX_LIBRARY = "libc++";
				CLANG_ENABLE_MODULES = YES;
				CLANG_ENABLE_OBJC_ARC = YES;
				CLANG_ENABLE_OBJC_WEAK = YES;
				CLANG_WARN_BLOCK_CAPTURE_AUTORELEASING = YES;
				CLANG_WARN_BOOL_CONVERSION = YES;
				CLANG_WARN_COMMA = YES;
				CLANG_WARN_CONSTANT_CONVERSION = YES;
				CLANG_WARN_DEPRECATED_OBJC_IMPLEMENTATIONS = YES;
				CLANG_WARN_DIRECT_OBJC_ISA_USAGE = YES_ERROR;
				CLANG_WARN_DOCUMENTATION_COMMENTS = YES;
				CLANG_WARN_EMPTY_BODY = YES;
				CLANG_WARN_ENUM_CONVERSION = YES;
				CLANG_WARN_INFINITE_RECURSION = YES;
				CLANG_WARN_INT_CONVERSION = YES;
				CLANG_WARN_NON_LITERAL_NULL_CONVERSION = YES;
				CLANG_WARN_OBJC_IMPLICIT_RETAIN_SELF = YES;
				CLANG_WARN_OBJC_LITERAL_CONVERSION = YES;
				CLANG_WARN_OBJC_ROOT_CLASS = YES_ERROR;
				CLANG_WARN_QUOTED_INCLUDE_IN_FRAMEWORK_HEADER = YES;
				CLANG_WARN_RANGE_LOOP_ANALYSIS = YES;
				CLANG_WARN_STRICT_PROTOTYPES = YES;
				CLANG_WARN_SUSPICIOUS_MOVE = YES;
				CLANG_WARN_UNGUARDED_AVAILABILITY = YES_AGGRESSIVE;
				CLANG_WARN_UNREACHABLE_CODE = YES;
				CLANG_WARN__DUPLICATE_METHOD_MATCH = YES;
				COPY_PHASE_STRIP = NO;
				DEBUG_INFORMATION_FORMAT = "dwarf-with-dsym";
				ENABLE_NS_ASSERTIONS = NO;
				ENABLE_STRICT_OBJC_MSGSEND = YES;
				GCC_C_LANGUAGE_STANDARD = gnu11;
				GCC_NO_COMMON_BLOCKS = YES;
				GCC_WARN_64_TO_32_BIT_CONVERSION = YES;
				GCC_WARN_ABOUT_RETURN_TYPE = YES_ERROR;
				GCC_WARN_UNDECLARED_SELECTOR = YES;
				GCC_WARN_UNINITIALIZED_AUTOS = YES_AGGRESSIVE;
				GCC_WARN_UNUSED_FUNCTION = YES;
				GCC_WARN_UNUSED_VARIABLE = YES;
				IPHONEOS_DEPLOYMENT_TARGET = 15.2;
				MTL_ENABLE_DEBUG_INFO = NO;
				MTL_FAST_MATH = YES;
				SDKROOT = iphoneos;
				SWIFT_COMPILATION_MODE = wholemodule;
				SWIFT_OPTIMIZATION_LEVEL = "-O";
				VALIDATE_PRODUCT = YES;
			};
			name = Release;
		};
		87F2735028167C3700BC7A0C /* Debug */ = {
			isa = XCBuildConfiguration;
			buildSettings = {
				ASSETCATALOG_COMPILER_APPICON_NAME = AppIcon;
				ASSETCATALOG_COMPILER_GLOBAL_ACCENT_COLOR_NAME = AccentColor;
				CODE_SIGN_STYLE = Automatic;
				CURRENT_PROJECT_VERSION = 1;
				DEVELOPMENT_TEAM = 2EDDZGZ55S;
				GENERATE_INFOPLIST_FILE = YES;
				INFOPLIST_FILE = Project8/Info.plist;
				INFOPLIST_KEY_UIApplicationSupportsIndirectInputEvents = YES;
				INFOPLIST_KEY_UILaunchStoryboardName = LaunchScreen;
				INFOPLIST_KEY_UIMainStoryboardFile = Main;
				INFOPLIST_KEY_UISupportedInterfaceOrientations_iPad = "UIInterfaceOrientationPortrait UIInterfaceOrientationPortraitUpsideDown UIInterfaceOrientationLandscapeLeft UIInterfaceOrientationLandscapeRight";
				INFOPLIST_KEY_UISupportedInterfaceOrientations_iPhone = "UIInterfaceOrientationPortrait UIInterfaceOrientationLandscapeLeft UIInterfaceOrientationLandscapeRight";
				LD_RUNPATH_SEARCH_PATHS = (
					"$(inherited)",
					"@executable_path/Frameworks",
				);
				MARKETING_VERSION = 1.0;
				PRODUCT_BUNDLE_IDENTIFIER = jandaur.anmol.Project8;
				PRODUCT_NAME = "$(TARGET_NAME)";
				SWIFT_EMIT_LOC_STRINGS = YES;
				SWIFT_VERSION = 5.0;
				TARGETED_DEVICE_FAMILY = "1,2";
			};
			name = Debug;
		};
		87F2735128167C3700BC7A0C /* Release */ = {
			isa = XCBuildConfiguration;
			buildSettings = {
				ASSETCATALOG_COMPILER_APPICON_NAME = AppIcon;
				ASSETCATALOG_COMPILER_GLOBAL_ACCENT_COLOR_NAME = AccentColor;
				CODE_SIGN_STYLE = Automatic;
				CURRENT_PROJECT_VERSION = 1;
				DEVELOPMENT_TEAM = 2EDDZGZ55S;
				GENERATE_INFOPLIST_FILE = YES;
				INFOPLIST_FILE = Project8/Info.plist;
				INFOPLIST_KEY_UIApplicationSupportsIndirectInputEvents = YES;
				INFOPLIST_KEY_UILaunchStoryboardName = LaunchScreen;
				INFOPLIST_KEY_UIMainStoryboardFile = Main;
				INFOPLIST_KEY_UISupportedInterfaceOrientations_iPad = "UIInterfaceOrientationPortrait UIInterfaceOrientationPortraitUpsideDown UIInterfaceOrientationLandscapeLeft UIInterfaceOrientationLandscapeRight";
				INFOPLIST_KEY_UISupportedInterfaceOrientations_iPhone = "UIInterfaceOrientationPortrait UIInterfaceOrientationLandscapeLeft UIInterfaceOrientationLandscapeRight";
				LD_RUNPATH_SEARCH_PATHS = (
					"$(inherited)",
					"@executable_path/Frameworks",
				);
				MARKETING_VERSION = 1.0;
				PRODUCT_BUNDLE_IDENTIFIER = jandaur.anmol.Project8;
				PRODUCT_NAME = "$(TARGET_NAME)";
				SWIFT_EMIT_LOC_STRINGS = YES;
				SWIFT_VERSION = 5.0;
				TARGETED_DEVICE_FAMILY = "1,2";
			};
			name = Release;
		};
		87F2735328167C3700BC7A0C /* Debug */ = {
			isa = XCBuildConfiguration;
			buildSettings = {
				ALWAYS_EMBED_SWIFT_STANDARD_LIBRARIES = YES;
				BUNDLE_LOADER = "$(TEST_HOST)";
				CODE_SIGN_STYLE = Automatic;
				CURRENT_PROJECT_VERSION = 1;
				DEVELOPMENT_TEAM = 2EDDZGZ55S;
				GENERATE_INFOPLIST_FILE = YES;
				IPHONEOS_DEPLOYMENT_TARGET = 15.2;
				MARKETING_VERSION = 1.0;
				PRODUCT_BUNDLE_IDENTIFIER = jandaur.anmol.Project8Tests;
				PRODUCT_NAME = "$(TARGET_NAME)";
				SWIFT_EMIT_LOC_STRINGS = NO;
				SWIFT_VERSION = 5.0;
				TARGETED_DEVICE_FAMILY = "1,2";
				TEST_HOST = "$(BUILT_PRODUCTS_DIR)/Project8.app/Project8";
			};
			name = Debug;
		};
		87F2735428167C3700BC7A0C /* Release */ = {
			isa = XCBuildConfiguration;
			buildSettings = {
				ALWAYS_EMBED_SWIFT_STANDARD_LIBRARIES = YES;
				BUNDLE_LOADER = "$(TEST_HOST)";
				CODE_SIGN_STYLE = Automatic;
				CURRENT_PROJECT_VERSION = 1;
				DEVELOPMENT_TEAM = 2EDDZGZ55S;
				GENERATE_INFOPLIST_FILE = YES;
				IPHONEOS_DEPLOYMENT_TARGET = 15.2;
				MARKETING_VERSION = 1.0;
				PRODUCT_BUNDLE_IDENTIFIER = jandaur.anmol.Project8Tests;
				PRODUCT_NAME = "$(TARGET_NAME)";
				SWIFT_EMIT_LOC_STRINGS = NO;
				SWIFT_VERSION = 5.0;
				TARGETED_DEVICE_FAMILY = "1,2";
				TEST_HOST = "$(BUILT_PRODUCTS_DIR)/Project8.app/Project8";
			};
			name = Release;
		};
		87F2735628167C3700BC7A0C /* Debug */ = {
			isa = XCBuildConfiguration;
			buildSettings = {
				ALWAYS_EMBED_SWIFT_STANDARD_LIBRARIES = YES;
				CODE_SIGN_STYLE = Automatic;
				CURRENT_PROJECT_VERSION = 1;
				DEVELOPMENT_TEAM = 2EDDZGZ55S;
				GENERATE_INFOPLIST_FILE = YES;
				MARKETING_VERSION = 1.0;
				PRODUCT_BUNDLE_IDENTIFIER = jandaur.anmol.Project8UITests;
				PRODUCT_NAME = "$(TARGET_NAME)";
				SWIFT_EMIT_LOC_STRINGS = NO;
				SWIFT_VERSION = 5.0;
				TARGETED_DEVICE_FAMILY = "1,2";
				TEST_TARGET_NAME = Project8;
			};
			name = Debug;
		};
		87F2735728167C3700BC7A0C /* Release */ = {
			isa = XCBuildConfiguration;
			buildSettings = {
				ALWAYS_EMBED_SWIFT_STANDARD_LIBRARIES = YES;
				CODE_SIGN_STYLE = Automatic;
				CURRENT_PROJECT_VERSION = 1;
				DEVELOPMENT_TEAM = 2EDDZGZ55S;
				GENERATE_INFOPLIST_FILE = YES;
				MARKETING_VERSION = 1.0;
				PRODUCT_BUNDLE_IDENTIFIER = jandaur.anmol.Project8UITests;
				PRODUCT_NAME = "$(TARGET_NAME)";
				SWIFT_EMIT_LOC_STRINGS = NO;
				SWIFT_VERSION = 5.0;
				TARGETED_DEVICE_FAMILY = "1,2";
				TEST_TARGET_NAME = Project8;
			};
			name = Release;
		};
/* End XCBuildConfiguration section */

/* Begin XCConfigurationList section */
		87F2732028167C3600BC7A0C /* Build configuration list for PBXProject "Project8" */ = {
			isa = XCConfigurationList;
			buildConfigurations = (
				87F2734D28167C3700BC7A0C /* Debug */,
				87F2734E28167C3700BC7A0C /* Release */,
			);
			defaultConfigurationIsVisible = 0;
			defaultConfigurationName = Release;
		};
		87F2734F28167C3700BC7A0C /* Build configuration list for PBXNativeTarget "Project8" */ = {
			isa = XCConfigurationList;
			buildConfigurations = (
				87F2735028167C3700BC7A0C /* Debug */,
				87F2735128167C3700BC7A0C /* Release */,
			);
			defaultConfigurationIsVisible = 0;
			defaultConfigurationName = Release;
		};
		87F2735228167C3700BC7A0C /* Build configuration list for PBXNativeTarget "Project8Tests" */ = {
			isa = XCConfigurationList;
			buildConfigurations = (
				87F2735328167C3700BC7A0C /* Debug */,
				87F2735428167C3700BC7A0C /* Release */,
			);
			defaultConfigurationIsVisible = 0;
			defaultConfigurationName = Release;
		};
		87F2735528167C3700BC7A0C /* Build configuration list for PBXNativeTarget "Project8UITests" */ = {
			isa = XCConfigurationList;
			buildConfigurations = (
				87F2735628167C3700BC7A0C /* Debug */,
				87F2735728167C3700BC7A0C /* Release */,
			);
			defaultConfigurationIsVisible = 0;
			defaultConfigurationName = Release;
		};
/* End XCConfigurationList section */
	};
	rootObject = 87F2731D28167C3600BC7A0C /* Project object */;
}
